
Microsoft Visual Studio Solution File, Format Version 12.00
# Visual Studio Version 16
VisualStudioVersion = 16.0.29424.173
MinimumVisualStudioVersion = 10.0.40219.1
Project("{9A19103F-16F7-4668-BE54-9A1E7A4F7556}") = "Tetris", "Tetris.csproj", "{11966FD9-189C-4182-A367-B6EAE5CB2956}"
EndProject
Global
	GlobalSection(SolutionConfigurationPlatforms) = preSolution
		Debug|Any CPU = Debug|Any CPU
		Release|Any CPU = Release|Any CPU
	EndGlobalSection
	GlobalSection(ProjectConfigurationPlatforms) = postSolution
		{11966FD9-189C-4182-A367-B6EAE5CB2956}.Debug|Any CPU.ActiveCfg = Debug|Any CPU
		{11966FD9-189C-4182-A367-B6EAE5CB2956}.Debug|Any CPU.Build.0 = Debug|Any CPU
		{11966FD9-189C-4182-A367-B6EAE5CB2956}.Release|Any CPU.ActiveCfg = Release|Any CPU
		{11966FD9-189C-4182-A367-B6EAE5CB2956}.Release|Any CPU.Build.0 = Release|Any CPU
	EndGlobalSection
	GlobalSection(SolutionProperties) = preSolution
		HideSolutionNode = FALSE
	EndGlobalSection
	GlobalSection(ExtensibilityGlobals) = postSolution
		SolutionGuid = {55EF1901-EC2A-4958-9118-D702528D4E66}
	EndGlobalSection
EndGlobal
